<?xml version="1.0" encoding="utf-8"?>
<Project ToolsVersion="4.0" xmlns="http://schemas.microsoft.com/developer/msbuild/2003">
  <ItemGroup>
    <Filter Include="win32">
      <UniqueIdentifier>{84a8ebd7-7cf0-47f6-b75e-d441df67da40}</UniqueIdentifier>
    </Filter>
    <Filter Include="resource">
      <UniqueIdentifier>{715254bc-d70b-4ec5-bf29-467dd3ace079}</UniqueIdentifier>
    </Filter>
    <Filter Include="src">
      <UniqueIdentifier>{bb6c862e-70e9-49d9-81b7-3829a6f50471}</UniqueIdentifier>
    </Filter>
    <Filter Include="src\models">
      <UniqueIdentifier>{b02ac39d-c78b-494d-ad26-7276b47b66ad}</UniqueIdentifier>
    </Filter>
    <Filter Include="src\views">
      <UniqueIdentifier>{4fd55e4f-75d9-44a0-bfbb-62db780591cb}</UniqueIdentifier>
    </Filter>
    <Filter Include="resource\suits">
      <UniqueIdentifier>{ff582bf0-63fe-46f8-8535-7b39441e48da}</UniqueIdentifier>
    </Filter>
    <Filter Include="resource\number">
      <UniqueIdentifier>{85ffd9d6-e2bb-452a-9ee7-b318f0c34091}</UniqueIdentifier>
    </Filter>
    <Filter Include="src\services">
      <UniqueIdentifier>{8ffd53e5-c6a6-414c-9a6b-88bfe228aa4d}</UniqueIdentifier>
    </Filter>
    <Filter Include="src\configs">
      <UniqueIdentifier>{a2b181e1-4e48-4577-88ee-7ff8495ca289}</UniqueIdentifier>
    </Filter>
    <Filter Include="resource\levels">
      <UniqueIdentifier>{fb6ea5dd-305b-42bd-8c70-321bae344d0d}</UniqueIdentifier>
    </Filter>
    <Filter Include="src\controllers">
      <UniqueIdentifier>{673bf2f1-d338-4933-9208-f0bae9951e21}</UniqueIdentifier>
    </Filter>
  </ItemGroup>
  <ItemGroup>
    <ClCompile Include="main.cpp">
      <Filter>win32</Filter>
    </ClCompile>
    <ClCompile Include="..\Classes\AppDelegate.cpp">
      <Filter>src</Filter>
    </ClCompile>
    <ClCompile Include="..\Classes\models\CardModel.cpp">
      <Filter>src\models</Filter>
    </ClCompile>
    <ClCompile Include="..\Classes\views\CardView.cpp">
      <Filter>src\views</Filter>
    </ClCompile>
    <ClCompile Include="..\Classes\views\CardGameScene.cpp">
      <Filter>src\views</Filter>
    </ClCompile>
    <ClCompile Include="..\Classes\services\GameModelService.cpp">
      <Filter>src\services</Filter>
    </ClCompile>
    <ClCompile Include="..\Classes\configs\loaders\CardResConfigLoader.cpp">
      <Filter>src\configs</Filter>
    </ClCompile>
    <ClCompile Include="..\Classes\configs\loaders\LevelConfigLoader.cpp">
      <Filter>src\configs</Filter>
    </ClCompile>
    <ClCompile Include="..\Classes\controllers\GameController.cpp">
      <Filter>src\controllers</Filter>
    </ClCompile>
    <ClCompile Include="..\Classes\models\GameModel.cpp">
      <Filter>src\models</Filter>
    </ClCompile>
    <ClCompile Include="..\Classes\views\GameView.cpp">
      <Filter>src\views</Filter>
    </ClCompile>
  </ItemGroup>
  <ItemGroup>
    <ClInclude Include="main.h">
      <Filter>win32</Filter>
    </ClInclude>
    <ClInclude Include="..\Classes\AppDelegate.h">
      <Filter>src</Filter>
    </ClInclude>
    <ClInclude Include="..\Classes\models\CardModel.h">
      <Filter>src\models</Filter>
    </ClInclude>
    <ClInclude Include="..\Classes\views\CardView.h">
      <Filter>src\views</Filter>
    </ClInclude>
    <ClInclude Include="..\Classes\views\CardGameScene.h">
      <Filter>src\views</Filter>
    </ClInclude>
    <ClInclude Include="..\Classes\models\GameModel.h">
      <Filter>src\models</Filter>
    </ClInclude>
    <ClInclude Include="..\Classes\services\GameModelService.h">
      <Filter>src\services</Filter>
    </ClInclude>
    <ClInclude Include="..\Classes\configs\models\CardResConfig.h">
      <Filter>src\configs</Filter>
    </ClInclude>
    <ClInclude Include="..\Classes\configs\loaders\CardResConfigLoader.h">
      <Filter>src\configs</Filter>
    </ClInclude>
    <ClInclude Include="..\Classes\configs\models\LevelConfig.h">
      <Filter>src\configs</Filter>
    </ClInclude>
    <ClInclude Include="..\Classes\configs\loaders\LevelConfigLoader.h">
      <Filter>src\configs</Filter>
    </ClInclude>
    <ClInclude Include="..\Classes\controllers\GameController.h">
      <Filter>src\controllers</Filter>
    </ClInclude>
    <ClInclude Include="..\Classes\views\GameView.h">
      <Filter>src\views</Filter>
    </ClInclude>
  </ItemGroup>
  <ItemGroup>
    <ResourceCompile Include="game.rc">
      <Filter>resource</Filter>
    </ResourceCompile>
  </ItemGroup>
  <ItemGroup>
    <Image Include="..\Resources\card_general.png">
      <Filter>resource</Filter>
    </Image>
    <Image Include="..\Resources\suits\club.png">
      <Filter>resource\suits</Filter>
    </Image>
    <Image Include="..\Resources\suits\diamond.png">
      <Filter>resource\suits</Filter>
    </Image>
    <Image Include="..\Resources\suits\heart.png">
      <Filter>resource\suits</Filter>
    </Image>
    <Image Include="..\Resources\suits\spade.png">
      <Filter>resource\suits</Filter>
    </Image>
    <Image Include="..\Resources\number\big_black_2.png">
      <Filter>resource\number</Filter>
    </Image>
    <Image Include="..\Resources\number\big_black_3.png">
      <Filter>resource\number</Filter>
    </Image>
    <Image Include="..\Resources\number\big_black_4.png">
      <Filter>resource\number</Filter>
    </Image>
    <Image Include="..\Resources\number\big_black_5.png">
      <Filter>resource\number</Filter>
    </Image>
    <Image Include="..\Resources\number\big_black_6.png">
      <Filter>resource\number</Filter>
    </Image>
    <Image Include="..\Resources\number\big_black_7.png">
      <Filter>resource\number</Filter>
    </Image>
    <Image Include="..\Resources\number\big_black_8.png">
      <Filter>resource\number</Filter>
    </Image>
    <Image Include="..\Resources\number\big_black_9.png">
      <Filter>resource\number</Filter>
    </Image>
    <Image Include="..\Resources\number\big_black_10.png">
      <Filter>resource\number</Filter>
    </Image>
    <Image Include="..\Resources\number\big_black_A.png">
      <Filter>resource\number</Filter>
    </Image>
    <Image Include="..\Resources\number\big_black_J.png">
      <Filter>resource\number</Filter>
    </Image>
    <Image Include="..\Resources\number\big_black_K.png">
      <Filter>resource\number</Filter>
    </Image>
    <Image Include="..\Resources\number\big_black_Q.png">
      <Filter>resource\number</Filter>
    </Image>
    <Image Include="..\Resources\number\big_red_2.png">
      <Filter>resource\number</Filter>
    </Image>
    <Image Include="..\Resources\number\big_red_3.png">
      <Filter>resource\number</Filter>
    </Image>
    <Image Include="..\Resources\number\big_red_4.png">
      <Filter>resource\number</Filter>
    </Image>
    <Image Include="..\Resources\number\big_red_5.png">
      <Filter>resource\number</Filter>
    </Image>
    <Image Include="..\Resources\number\big_red_6.png">
      <Filter>resource\number</Filter>
    </Image>
    <Image Include="..\Resources\number\big_red_7.png">
      <Filter>resource\number</Filter>
    </Image>
    <Image Include="..\Resources\number\big_red_8.png">
      <Filter>resource\number</Filter>
    </Image>
    <Image Include="..\Resources\number\big_red_9.png">
      <Filter>resource\number</Filter>
    </Image>
    <Image Include="..\Resources\number\big_red_10.png">
      <Filter>resource\number</Filter>
    </Image>
    <Image Include="..\Resources\number\big_red_A.png">
      <Filter>resource\number</Filter>
    </Image>
    <Image Include="..\Resources\number\big_red_J.png">
      <Filter>resource\number</Filter>
    </Image>
    <Image Include="..\Resources\number\big_red_K.png">
      <Filter>resource\number</Filter>
    </Image>
    <Image Include="..\Resources\number\big_red_Q.png">
      <Filter>resource\number</Filter>
    </Image>
    <Image Include="..\Resources\number\small_black_2.png">
      <Filter>resource\number</Filter>
    </Image>
    <Image Include="..\Resources\number\small_black_3.png">
      <Filter>resource\number</Filter>
    </Image>
    <Image Include="..\Resources\number\small_black_4.png">
      <Filter>resource\number</Filter>
    </Image>
    <Image Include="..\Resources\number\small_black_5.png">
      <Filter>resource\number</Filter>
    </Image>
    <Image Include="..\Resources\number\small_black_6.png">
      <Filter>resource\number</Filter>
    </Image>
    <Image Include="..\Resources\number\small_black_7.png">
      <Filter>resource\number</Filter>
    </Image>
    <Image Include="..\Resources\number\small_black_8.png">
      <Filter>resource\number</Filter>
    </Image>
    <Image Include="..\Resources\number\small_black_9.png">
      <Filter>resource\number</Filter>
    </Image>
    <Image Include="..\Resources\number\small_black_10.png">
      <Filter>resource\number</Filter>
    </Image>
    <Image Include="..\Resources\number\small_black_A.png">
      <Filter>resource\number</Filter>
    </Image>
    <Image Include="..\Resources\number\small_black_J.png">
      <Filter>resource\number</Filter>
    </Image>
    <Image Include="..\Resources\number\small_black_K.png">
      <Filter>resource\number</Filter>
    </Image>
    <Image Include="..\Resources\number\small_black_Q.png">
      <Filter>resource\number</Filter>
    </Image>
    <Image Include="..\Resources\number\small_red_2.png">
      <Filter>resource\number</Filter>
    </Image>
    <Image Include="..\Resources\number\small_red_3.png">
      <Filter>resource\number</Filter>
    </Image>
    <Image Include="..\Resources\number\small_red_4.png">
      <Filter>resource\number</Filter>
    </Image>
    <Image Include="..\Resources\number\small_red_5.png">
      <Filter>resource\number</Filter>
    </Image>
    <Image Include="..\Resources\number\small_red_6.png">
      <Filter>resource\number</Filter>
    </Image>
    <Image Include="..\Resources\number\small_red_7.png">
      <Filter>resource\number</Filter>
    </Image>
    <Image Include="..\Resources\number\small_red_8.png">
      <Filter>resource\number</Filter>
    </Image>
    <Image Include="..\Resources\number\small_red_9.png">
      <Filter>resource\number</Filter>
    </Image>
    <Image Include="..\Resources\number\small_red_10.png">
      <Filter>resource\number</Filter>
    </Image>
    <Image Include="..\Resources\number\small_red_A.png">
      <Filter>resource\number</Filter>
    </Image>
    <Image Include="..\Resources\number\small_red_J.png">
      <Filter>resource\number</Filter>
    </Image>
    <Image Include="..\Resources\number\small_red_K.png">
      <Filter>resource\number</Filter>
    </Image>
    <Image Include="..\Resources\number\small_red_Q.png">
      <Filter>resource\number</Filter>
    </Image>
  </ItemGroup>
  <ItemGroup>
    <None Include="..\Resources\card_res_config.json">
      <Filter>resource</Filter>
    </None>
    <None Include="..\Resources\levels\level1.json">
      <Filter>resource\levels</Filter>
    </None>
  </ItemGroup>
</Project>